// !$*UTF8*$!
{
	archiveVersion = 1;
	classes = {
	};
	objectVersion = 46;
	objects = {

/* Begin PBXBuildFile section */
		7D07CD471EDC03E900675C53 /* FeedVC.swift in Sources */ = {isa = PBXBuildFile; fileRef = 7D07CD461EDC03E900675C53 /* FeedVC.swift */; };
		7DF439961EDB72BE00513CCF /* AppDelegate.swift in Sources */ = {isa = PBXBuildFile; fileRef = 7DF439951EDB72BE00513CCF /* AppDelegate.swift */; };
		7DF439981EDB72BE00513CCF /* SignInVC.swift in Sources */ = {isa = PBXBuildFile; fileRef = 7DF439971EDB72BE00513CCF /* SignInVC.swift */; };
		7DF4399B1EDB72BE00513CCF /* Main.storyboard in Resources */ = {isa = PBXBuildFile; fileRef = 7DF439991EDB72BE00513CCF /* Main.storyboard */; };
		7DF4399D1EDB72BE00513CCF /* Assets.xcassets in Resources */ = {isa = PBXBuildFile; fileRef = 7DF4399C1EDB72BE00513CCF /* Assets.xcassets */; };
		7DF439A01EDB72BE00513CCF /* LaunchScreen.storyboard in Resources */ = {isa = PBXBuildFile; fileRef = 7DF4399E1EDB72BE00513CCF /* LaunchScreen.storyboard */; };
		7DF439A81EDB735000513CCF /* GoogleService-Info.plist in Resources */ = {isa = PBXBuildFile; fileRef = 7DF439A71EDB735000513CCF /* GoogleService-Info.plist */; };
		7DF439AD1EDB8D4D00513CCF /* FancyView.swift in Sources */ = {isa = PBXBuildFile; fileRef = 7DF439AC1EDB8D4D00513CCF /* FancyView.swift */; };
		7DF439B01EDB8E0200513CCF /* Constants.swift in Sources */ = {isa = PBXBuildFile; fileRef = 7DF439AF1EDB8E0200513CCF /* Constants.swift */; };
		7DF439B21EDB91E500513CCF /* RoundBtn.swift in Sources */ = {isa = PBXBuildFile; fileRef = 7DF439B11EDB91E500513CCF /* RoundBtn.swift */; };
		7DF439B41EDB93C900513CCF /* FancyField.swift in Sources */ = {isa = PBXBuildFile; fileRef = 7DF439B31EDB93C900513CCF /* FancyField.swift */; };
		7DF439B61EDB968D00513CCF /* FancyBtn.swift in Sources */ = {isa = PBXBuildFile; fileRef = 7DF439B51EDB968D00513CCF /* FancyBtn.swift */; };
		EF442454B63F02AA4F36958B /* Pods_devslopes_social.framework in Frameworks */ = {isa = PBXBuildFile; fileRef = B36C7C47124EF02404283E42 /* Pods_devslopes_social.framework */; };
/* End PBXBuildFile section */

/* Begin PBXFileReference section */
		004297CDDC76621F20B74C91 /* Pods-devslopes-social.debug.xcconfig */ = {isa = PBXFileReference; includeInIndex = 1; lastKnownFileType = text.xcconfig; name = "Pods-devslopes-social.debug.xcconfig"; path = "Pods/Target Support Files/Pods-devslopes-social/Pods-devslopes-social.debug.xcconfig"; sourceTree = "<group>"; };
		7D07CD461EDC03E900675C53 /* FeedVC.swift */ = {isa = PBXFileReference; fileEncoding = 4; lastKnownFileType = sourcecode.swift; path = FeedVC.swift; sourceTree = "<group>"; };
		7DF439921EDB72BE00513CCF /* devslopes-social.app */ = {isa = PBXFileReference; explicitFileType = wrapper.application; includeInIndex = 0; path = "devslopes-social.app"; sourceTree = BUILT_PRODUCTS_DIR; };
		7DF439951EDB72BE00513CCF /* AppDelegate.swift */ = {isa = PBXFileReference; lastKnownFileType = sourcecode.swift; path = AppDelegate.swift; sourceTree = "<group>"; };
		7DF439971EDB72BE00513CCF /* SignInVC.swift */ = {isa = PBXFileReference; lastKnownFileType = sourcecode.swift; path = SignInVC.swift; sourceTree = "<group>"; };
		7DF4399A1EDB72BE00513CCF /* Base */ = {isa = PBXFileReference; lastKnownFileType = file.storyboard; name = Base; path = Base.lproj/Main.storyboard; sourceTree = "<group>"; };
		7DF4399C1EDB72BE00513CCF /* Assets.xcassets */ = {isa = PBXFileReference; lastKnownFileType = folder.assetcatalog; path = Assets.xcassets; sourceTree = "<group>"; };
		7DF4399F1EDB72BE00513CCF /* Base */ = {isa = PBXFileReference; lastKnownFileType = file.storyboard; name = Base; path = Base.lproj/LaunchScreen.storyboard; sourceTree = "<group>"; };
		7DF439A11EDB72BE00513CCF /* Info.plist */ = {isa = PBXFileReference; lastKnownFileType = text.plist.xml; path = Info.plist; sourceTree = "<group>"; };
		7DF439A71EDB735000513CCF /* GoogleService-Info.plist */ = {isa = PBXFileReference; fileEncoding = 4; lastKnownFileType = text.plist.xml; path = "GoogleService-Info.plist"; sourceTree = "<group>"; };
		7DF439AC1EDB8D4D00513CCF /* FancyView.swift */ = {isa = PBXFileReference; fileEncoding = 4; lastKnownFileType = sourcecode.swift; path = FancyView.swift; sourceTree = "<group>"; };
		7DF439AF1EDB8E0200513CCF /* Constants.swift */ = {isa = PBXFileReference; fileEncoding = 4; lastKnownFileType = sourcecode.swift; path = Constants.swift; sourceTree = "<group>"; };
		7DF439B11EDB91E500513CCF /* RoundBtn.swift */ = {isa = PBXFileReference; fileEncoding = 4; lastKnownFileType = sourcecode.swift; path = RoundBtn.swift; sourceTree = "<group>"; };
		7DF439B31EDB93C900513CCF /* FancyField.swift */ = {isa = PBXFileReference; fileEncoding = 4; lastKnownFileType = sourcecode.swift; path = FancyField.swift; sourceTree = "<group>"; };
		7DF439B51EDB968D00513CCF /* FancyBtn.swift */ = {isa = PBXFileReference; fileEncoding = 4; lastKnownFileType = sourcecode.swift; path = FancyBtn.swift; sourceTree = "<group>"; };
		B36C7C47124EF02404283E42 /* Pods_devslopes_social.framework */ = {isa = PBXFileReference; explicitFileType = wrapper.framework; includeInIndex = 0; path = Pods_devslopes_social.framework; sourceTree = BUILT_PRODUCTS_DIR; };
		FFFE57A4DBB689A5FF10434F /* Pods-devslopes-social.release.xcconfig */ = {isa = PBXFileReference; includeInIndex = 1; lastKnownFileType = text.xcconfig; name = "Pods-devslopes-social.release.xcconfig"; path = "Pods/Target Support Files/Pods-devslopes-social/Pods-devslopes-social.release.xcconfig"; sourceTree = "<group>"; };
/* End PBXFileReference section */

/* Begin PBXFrameworksBuildPhase section */
		7DF4398F1EDB72BE00513CCF /* Frameworks */ = {
			isa = PBXFrameworksBuildPhase;
			buildActionMask = 2147483647;
			files = (
				EF442454B63F02AA4F36958B /* Pods_devslopes_social.framework in Frameworks */,
			);
			runOnlyForDeploymentPostprocessing = 0;
		};
/* End PBXFrameworksBuildPhase section */

/* Begin PBXGroup section */
		7DF439891EDB72BE00513CCF = {
			isa = PBXGroup;
			children = (
				7DF439941EDB72BE00513CCF /* devslopes-social */,
				7DF439931EDB72BE00513CCF /* Products */,
				842E73EE28B39AD191D996A3 /* Pods */,
				E8D88421AD4F3BF6E91FC3CD /* Frameworks */,
			);
			sourceTree = "<group>";
		};
		7DF439931EDB72BE00513CCF /* Products */ = {
			isa = PBXGroup;
			children = (
				7DF439921EDB72BE00513CCF /* devslopes-social.app */,
			);
			name = Products;
			sourceTree = "<group>";
		};
		7DF439941EDB72BE00513CCF /* devslopes-social */ = {
			isa = PBXGroup;
			children = (
				7DF439AE1EDB8DD500513CCF /* Util */,
				7DF439AB1EDB770C00513CCF /* Model */,
				7DF439AA1EDB770400513CCF /* View */,
				7DF439A91EDB76FC00513CCF /* Controller */,
				7DF439951EDB72BE00513CCF /* AppDelegate.swift */,
				7DF439991EDB72BE00513CCF /* Main.storyboard */,
				7DF4399C1EDB72BE00513CCF /* Assets.xcassets */,
				7DF4399E1EDB72BE00513CCF /* LaunchScreen.storyboard */,
				7DF439A11EDB72BE00513CCF /* Info.plist */,
				7DF439A71EDB735000513CCF /* GoogleService-Info.plist */,
			);
			path = "devslopes-social";
			sourceTree = "<group>";
		};
		7DF439A91EDB76FC00513CCF /* Controller */ = {
			isa = PBXGroup;
			children = (
				7DF439971EDB72BE00513CCF /* SignInVC.swift */,
				7D07CD461EDC03E900675C53 /* FeedVC.swift */,
			);
			name = Controller;
			sourceTree = "<group>";
		};
		7DF439AA1EDB770400513CCF /* View */ = {
			isa = PBXGroup;
			children = (
				7DF439AC1EDB8D4D00513CCF /* FancyView.swift */,
				7DF439B11EDB91E500513CCF /* RoundBtn.swift */,
				7DF439B31EDB93C900513CCF /* FancyField.swift */,
				7DF439B51EDB968D00513CCF /* FancyBtn.swift */,
			);
			name = View;
			sourceTree = "<group>";
		};
		7DF439AB1EDB770C00513CCF /* Model */ = {
			isa = PBXGroup;
			children = (
			);
			name = Model;
			sourceTree = "<group>";
		};
		7DF439AE1EDB8DD500513CCF /* Util */ = {
			isa = PBXGroup;
			children = (
				7DF439AF1EDB8E0200513CCF /* Constants.swift */,
			);
			name = Util;
			sourceTree = "<group>";
		};
		842E73EE28B39AD191D996A3 /* Pods */ = {
			isa = PBXGroup;
			children = (
				004297CDDC76621F20B74C91 /* Pods-devslopes-social.debug.xcconfig */,
				FFFE57A4DBB689A5FF10434F /* Pods-devslopes-social.release.xcconfig */,
			);
			name = Pods;
			sourceTree = "<group>";
		};
		E8D88421AD4F3BF6E91FC3CD /* Frameworks */ = {
			isa = PBXGroup;
			children = (
				B36C7C47124EF02404283E42 /* Pods_devslopes_social.framework */,
			);
			name = Frameworks;
			sourceTree = "<group>";
		};
/* End PBXGroup section */

/* Begin PBXNativeTarget section */
		7DF439911EDB72BE00513CCF /* devslopes-social */ = {
			isa = PBXNativeTarget;
			buildConfigurationList = 7DF439A41EDB72BE00513CCF /* Build configuration list for PBXNativeTarget "devslopes-social" */;
			buildPhases = (
				56F8F9CF0DF8243295D19609 /* [CP] Check Pods Manifest.lock */,
				7DF4398E1EDB72BE00513CCF /* Sources */,
				7DF4398F1EDB72BE00513CCF /* Frameworks */,
				7DF439901EDB72BE00513CCF /* Resources */,
				01459A7201BE5BB19BCB9B9D /* [CP] Embed Pods Frameworks */,
				16E16DE1A035B7B49587C55D /* [CP] Copy Pods Resources */,
			);
			buildRules = (
			);
			dependencies = (
			);
			name = "devslopes-social";
			productName = "devslopes-social";
			productReference = 7DF439921EDB72BE00513CCF /* devslopes-social.app */;
			productType = "com.apple.product-type.application";
		};
/* End PBXNativeTarget section */

/* Begin PBXProject section */
		7DF4398A1EDB72BE00513CCF /* Project object */ = {
			isa = PBXProject;
			attributes = {
				LastSwiftUpdateCheck = 0830;
				LastUpgradeCheck = 0830;
				ORGANIZATIONNAME = "Franklin Tackett Jr.";
				TargetAttributes = {
					7DF439911EDB72BE00513CCF = {
						CreatedOnToolsVersion = 8.3.2;
						DevelopmentTeam = KJUKGHCVJM;
						ProvisioningStyle = Automatic;
					};
				};
			};
			buildConfigurationList = 7DF4398D1EDB72BE00513CCF /* Build configuration list for PBXProject "devslopes-social" */;
			compatibilityVersion = "Xcode 3.2";
			developmentRegion = English;
			hasScannedForEncodings = 0;
			knownRegions = (
				en,
				Base,
			);
			mainGroup = 7DF439891EDB72BE00513CCF;
			productRefGroup = 7DF439931EDB72BE00513CCF /* Products */;
			projectDirPath = "";
			projectRoot = "";
			targets = (
				7DF439911EDB72BE00513CCF /* devslopes-social */,
			);
		};
/* End PBXProject section */

/* Begin PBXResourcesBuildPhase section */
		7DF439901EDB72BE00513CCF /* Resources */ = {
			isa = PBXResourcesBuildPhase;
			buildActionMask = 2147483647;
			files = (
				7DF439A01EDB72BE00513CCF /* LaunchScreen.storyboard in Resources */,
				7DF439A81EDB735000513CCF /* GoogleService-Info.plist in Resources */,
				7DF4399D1EDB72BE00513CCF /* Assets.xcassets in Resources */,
				7DF4399B1EDB72BE00513CCF /* Main.storyboard in Resources */,
			);
			runOnlyForDeploymentPostprocessing = 0;
		};
/* End PBXResourcesBuildPhase section */

/* Begin PBXShellScriptBuildPhase section */
		01459A7201BE5BB19BCB9B9D /* [CP] Embed Pods Frameworks */ = {
			isa = PBXShellScriptBuildPhase;
			buildActionMask = 2147483647;
			files = (
			);
			inputPaths = (
			);
			name = "[CP] Embed Pods Frameworks";
			outputPaths = (
			);
			runOnlyForDeploymentPostprocessing = 0;
			shellPath = /bin/sh;
			shellScript = "\"${SRCROOT}/Pods/Target Support Files/Pods-devslopes-social/Pods-devslopes-social-frameworks.sh\"\n";
			showEnvVarsInLog = 0;
		};
		16E16DE1A035B7B49587C55D /* [CP] Copy Pods Resources */ = {
			isa = PBXShellScriptBuildPhase;
			buildActionMask = 2147483647;
			files = (
			);
			inputPaths = (
			);
			name = "[CP] Copy Pods Resources";
			outputPaths = (
			);
			runOnlyForDeploymentPostprocessing = 0;
			shellPath = /bin/sh;
			shellScript = "\"${SRCROOT}/Pods/Target Support Files/Pods-devslopes-social/Pods-devslopes-social-resources.sh\"\n";
			showEnvVarsInLog = 0;
		};
		56F8F9CF0DF8243295D19609 /* [CP] Check Pods Manifest.lock */ = {
			isa = PBXShellScriptBuildPhase;
			buildActionMask = 2147483647;
			files = (
			);
			inputPaths = (
			);
			name = "[CP] Check Pods Manifest.lock";
			outputPaths = (
			);
			runOnlyForDeploymentPostprocessing = 0;
			shellPath = /bin/sh;
			shellScript = "diff \"${PODS_PODFILE_DIR_PATH}/Podfile.lock\" \"${PODS_ROOT}/Manifest.lock\" > /dev/null\nif [ $? != 0 ] ; then\n    # print error to STDERR\n    echo \"error: The sandbox is not in sync with the Podfile.lock. Run 'pod install' or update your CocoaPods installation.\" >&2\n    exit 1\nfi\n";
			showEnvVarsInLog = 0;
		};
/* End PBXShellScriptBuildPhase section */

/* Begin PBXSourcesBuildPhase section */
		7DF4398E1EDB72BE00513CCF /* Sources */ = {
			isa = PBXSourcesBuildPhase;
			buildActionMask = 2147483647;
			files = (
				7DF439B41EDB93C900513CCF /* FancyField.swift in Sources */,
				7DF439981EDB72BE00513CCF /* SignInVC.swift in Sources */,
				7DF439B21EDB91E500513CCF /* RoundBtn.swift in Sources */,
				7DF439961EDB72BE00513CCF /* AppDelegate.swift in Sources */,
				7D07CD471EDC03E900675C53 /* FeedVC.swift in Sources */,
				7DF439AD1EDB8D4D00513CCF /* FancyView.swift in Sources */,
				7DF439B01EDB8E0200513CCF /* Constants.swift in Sources */,
				7DF439B61EDB968D00513CCF /* FancyBtn.swift in Sources */,
			);
			runOnlyForDeploymentPostprocessing = 0;
		};
/* End PBXSourcesBuildPhase section */

/* Begin PBXVariantGroup section */
		7DF439991EDB72BE00513CCF /* Main.storyboard */ = {
			isa = PBXVariantGroup;
			children = (
				7DF4399A1EDB72BE00513CCF /* Base */,
			);
			name = Main.storyboard;
			sourceTree = "<group>";
		};
		7DF4399E1EDB72BE00513CCF /* LaunchScreen.storyboard */ = {
			isa = PBXVariantGroup;
			children = (
				7DF4399F1EDB72BE00513CCF /* Base */,
			);
			name = LaunchScreen.storyboard;
			sourceTree = "<group>";
		};
/* End PBXVariantGroup section */

/* Begin XCBuildConfiguration section */
		7DF439A21EDB72BE00513CCF /* Debug */ = {
			isa = XCBuildConfiguration;
			buildSettings = {
				ALWAYS_SEARCH_USER_PATHS = NO;
				CLANG_ANALYZER_NONNULL = YES;
				CLANG_ANALYZER_NUMBER_OBJECT_CONVERSION = YES_AGGRESSIVE;
				CLANG_CXX_LANGUAGE_STANDARD = "gnu++0x";
				CLANG_CXX_LIBRARY = "libc++";
				CLANG_ENABLE_MODULES = YES;
				CLANG_ENABLE_OBJC_ARC = YES;
				CLANG_WARN_BOOL_CONVERSION = YES;
				CLANG_WARN_CONSTANT_CONVERSION = YES;
				CLANG_WARN_DIRECT_OBJC_ISA_USAGE = YES_ERROR;
				CLANG_WARN_DOCUMENTATION_COMMENTS = YES;
				CLANG_WARN_EMPTY_BODY = YES;
				CLANG_WARN_ENUM_CONVERSION = YES;
				CLANG_WARN_INFINITE_RECURSION = YES;
				CLANG_WARN_INT_CONVERSION = YES;
				CLANG_WARN_OBJC_ROOT_CLASS = YES_ERROR;
				CLANG_WARN_SUSPICIOUS_MOVE = YES;
				CLANG_WARN_UNREACHABLE_CODE = YES;
				CLANG_WARN__DUPLICATE_METHOD_MATCH = YES;
				"CODE_SIGN_IDENTITY[sdk=iphoneos*]" = "iPhone Developer";
				COPY_PHASE_STRIP = NO;
				DEBUG_INFORMATION_FORMAT = dwarf;
				ENABLE_STRICT_OBJC_MSGSEND = YES;
				ENABLE_TESTABILITY = YES;
				GCC_C_LANGUAGE_STANDARD = gnu99;
				GCC_DYNAMIC_NO_PIC = NO;
				GCC_NO_COMMON_BLOCKS = YES;
				GCC_OPTIMIZATION_LEVEL = 0;
				GCC_PREPROCESSOR_DEFINITIONS = (
					"DEBUG=1",
					"$(inherited)",
				);
				GCC_WARN_64_TO_32_BIT_CONVERSION = YES;
				GCC_WARN_ABOUT_RETURN_TYPE = YES_ERROR;
				GCC_WARN_UNDECLARED_SELECTOR = YES;
				GCC_WARN_UNINITIALIZED_AUTOS = YES_AGGRESSIVE;
				GCC_WARN_UNUSED_FUNCTION = YES;
				GCC_WARN_UNUSED_VARIABLE = YES;
				IPHONEOS_DEPLOYMENT_TARGET = 10.3;
				MTL_ENABLE_DEBUG_INFO = YES;
				ONLY_ACTIVE_ARCH = YES;
				SDKROOT = iphoneos;
				SWIFT_ACTIVE_COMPILATION_CONDITIONS = DEBUG;
				SWIFT_OPTIMIZATION_LEVEL = "-Onone";
				TARGETED_DEVICE_FAMILY = "1,2";
			};
			name = Debug;
		};
		7DF439A31EDB72BE00513CCF /* Release */ = {
			isa = XCBuildConfiguration;
			buildSettings = {
				ALWAYS_SEARCH_USER_PATHS = NO;
				CLANG_ANALYZER_NONNULL = YES;
				CLANG_ANALYZER_NUMBER_OBJECT_CONVERSION = YES_AGGRESSIVE;
				CLANG_CXX_LANGUAGE_STANDARD = "gnu++0x";
				CLANG_CXX_LIBRARY = "libc++";
				CLANG_ENABLE_MODULES = YES;
				CLANG_ENABLE_OBJC_ARC = YES;
				CLANG_WARN_BOOL_CONVERSION = YES;
				CLANG_WARN_CONSTANT_CONVERSION = YES;
				CLANG_WARN_DIRECT_OBJC_ISA_USAGE = YES_ERROR;
				CLANG_WARN_DOCUMENTATION_COMMENTS = YES;
				CLANG_WARN_EMPTY_BODY = YES;
				CLANG_WARN_ENUM_CONVERSION = YES;
				CLANG_WARN_INFINITE_RECURSION = YES;
				CLANG_WARN_INT_CONVERSION = YES;
				CLANG_WARN_OBJC_ROOT_CLASS = YES_ERROR;
				CLANG_WARN_SUSPICIOUS_MOVE = YES;
				CLANG_WARN_UNREACHABLE_CODE = YES;
				CLANG_WARN__DUPLICATE_METHOD_MATCH = YES;
				"CODE_SIGN_IDENTITY[sdk=iphoneos*]" = "iPhone Developer";
				COPY_PHASE_STRIP = NO;
				DEBUG_INFORMATION_FORMAT = "dwarf-with-dsym";
				ENABLE_NS_ASSERTIONS = NO;
				ENABLE_STRICT_OBJC_MSGSEND = YES;
				GCC_C_LANGUAGE_STANDARD = gnu99;
				GCC_NO_COMMON_BLOCKS = YES;
				GCC_WARN_64_TO_32_BIT_CONVERSION = YES;
				GCC_WARN_ABOUT_RETURN_TYPE = YES_ERROR;
				GCC_WARN_UNDECLARED_SELECTOR = YES;
				GCC_WARN_UNINITIALIZED_AUTOS = YES_AGGRESSIVE;
				GCC_WARN_UNUSED_FUNCTION = YES;
				GCC_WARN_UNUSED_VARIABLE = YES;
				IPHONEOS_DEPLOYMENT_TARGET = 10.3;
				MTL_ENABLE_DEBUG_INFO = NO;
				SDKROOT = iphoneos;
				SWIFT_OPTIMIZATION_LEVEL = "-Owholemodule";
				TARGETED_DEVICE_FAMILY = "1,2";
				VALIDATE_PRODUCT = YES;
			};
			name = Release;
		};
		7DF439A51EDB72BE00513CCF /* Debug */ = {
			isa = XCBuildConfiguration;
			baseConfigurationReference = 004297CDDC76621F20B74C91 /* Pods-devslopes-social.debug.xcconfig */;
			buildSettings = {
				ASSETCATALOG_COMPILER_APPICON_NAME = AppIcon;
				CLANG_ALLOW_NON_MODULAR_INCLUDES_IN_FRAMEWORK_MODULES = YES;
				DEVELOPMENT_TEAM = KJUKGHCVJM;
				INFOPLIST_FILE = "devslopes-social/Info.plist";
				LD_RUNPATH_SEARCH_PATHS = "$(inherited) @executable_path/Frameworks";
				PRODUCT_BUNDLE_IDENTIFIER = "com.FranklinDev.devslopes-social";
				PRODUCT_NAME = "$(TARGET_NAME)";
				SWIFT_VERSION = 3.0;
			};
			name = Debug;
		};
		7DF439A61EDB72BE00513CCF /* Release */ = {
			isa = XCBuildConfiguration;
			baseConfigurationReference = FFFE57A4DBB689A5FF10434F /* Pods-devslopes-social.release.xcconfig */;
			buildSettings = {
				ASSETCATALOG_COMPILER_APPICON_NAME = AppIcon;
				CLANG_ALLOW_NON_MODULAR_INCLUDES_IN_FRAMEWORK_MODULES = YES;
				DEVELOPMENT_TEAM = KJUKGHCVJM;
				INFOPLIST_FILE = "devslopes-social/Info.plist";
				LD_RUNPATH_SEARCH_PATHS = "$(inherited) @executable_path/Frameworks";
				PRODUCT_BUNDLE_IDENTIFIER = "com.FranklinDev.devslopes-social";
				PRODUCT_NAME = "$(TARGET_NAME)";
				SWIFT_VERSION = 3.0;
			};
			name = Release;
		};
/* End XCBuildConfiguration section */

/* Begin XCConfigurationList section */
		7DF4398D1EDB72BE00513CCF /* Build configuration list for PBXProject "devslopes-social" */ = {
			isa = XCConfigurationList;
			buildConfigurations = (
				7DF439A21EDB72BE00513CCF /* Debug */,
				7DF439A31EDB72BE00513CCF /* Release */,
			);
			defaultConfigurationIsVisible = 0;
			defaultConfigurationName = Release;
		};
		7DF439A41EDB72BE00513CCF /* Build configuration list for PBXNativeTarget "devslopes-social" */ = {
			isa = XCConfigurationList;
			buildConfigurations = (
				7DF439A51EDB72BE00513CCF /* Debug */,
				7DF439A61EDB72BE00513CCF /* Release */,
			);
			defaultConfigurationIsVisible = 0;
			defaultConfigurationName = Release;
		};
/* End XCConfigurationList section */
	};
	rootObject = 7DF4398A1EDB72BE00513CCF /* Project object */;
}
